Microsoft Visual Studio Solution File, Format Version 12.00
# Visual Studio Version 17
VisualStudioVersion = 17.5.2.0
MinimumVisualStudioVersion = 10.0.40219.1
Project("{FAE04EC0-301F-11D3-BF4B-00C04F79EFBC}") = "api", "api.csproj", "{ED562DFE-B9EF-5F88-771F-EBF333E4D08F}"
EndProject
Project("{FAE04EC0-301F-11D3-BF4B-00C04F79EFBC}") = "features", "Features\features.csproj", "{936633B6-A530-0504-5D11-A24F8F41F262}"
EndProject
Project("{2150E333-8FDC-42A3-9474-1A3956D46DE8}") = "Features", "Features", "{9792E6E2-564B-9699-7DA2-9F7194AE82F6}"
EndProject
Project("{FAE04EC0-301F-11D3-BF4B-00C04F79EFBC}") = "core", "Features\Core\core.csproj", "{BAA2724A-5F58-2AA2-0C8B-DF64CDE6594D}"
EndProject
Project("{FAE04EC0-301F-11D3-BF4B-00C04F79EFBC}") = "users", "Features\Users\users.csproj", "{77E13B63-A154-E4F0-56DA-7D3FB765405E}"
EndProject
Project("{FAE04EC0-301F-11D3-BF4B-00C04F79EFBC}") = "auth", "Features\Auth\auth.csproj", "{1B173B0B-D208-E124-D626-07FFCCC66EA2}"
EndProject
Project("{FAE04EC0-301F-11D3-BF4B-00C04F79EFBC}") = "publications", "Features\Publications\publications.csproj", "{00434B4A-9ACC-EA40-9091-0BED3FCB8A71}"
EndProject
Global
	GlobalSection(SolutionConfigurationPlatforms) = preSolution
		Debug|Any CPU = Debug|Any CPU
		Release|Any CPU = Release|Any CPU
	EndGlobalSection
	GlobalSection(ProjectConfigurationPlatforms) = postSolution
		{ED562DFE-B9EF-5F88-771F-EBF333E4D08F}.Debug|Any CPU.ActiveCfg = Debug|Any CPU
		{ED562DFE-B9EF-5F88-771F-EBF333E4D08F}.Debug|Any CPU.Build.0 = Debug|Any CPU
		{ED562DFE-B9EF-5F88-771F-EBF333E4D08F}.Release|Any CPU.ActiveCfg = Release|Any CPU
		{ED562DFE-B9EF-5F88-771F-EBF333E4D08F}.Release|Any CPU.Build.0 = Release|Any CPU
		{936633B6-A530-0504-5D11-A24F8F41F262}.Debug|Any CPU.ActiveCfg = Debug|Any CPU
		{936633B6-A530-0504-5D11-A24F8F41F262}.Debug|Any CPU.Build.0 = Debug|Any CPU
		{936633B6-A530-0504-5D11-A24F8F41F262}.Release|Any CPU.ActiveCfg = Release|Any CPU
		{936633B6-A530-0504-5D11-A24F8F41F262}.Release|Any CPU.Build.0 = Release|Any CPU
		{BAA2724A-5F58-2AA2-0C8B-DF64CDE6594D}.Debug|Any CPU.ActiveCfg = Debug|Any CPU
		{BAA2724A-5F58-2AA2-0C8B-DF64CDE6594D}.Debug|Any CPU.Build.0 = Debug|Any CPU
		{BAA2724A-5F58-2AA2-0C8B-DF64CDE6594D}.Release|Any CPU.ActiveCfg = Release|Any CPU
		{BAA2724A-5F58-2AA2-0C8B-DF64CDE6594D}.Release|Any CPU.Build.0 = Release|Any CPU
		{77E13B63-A154-E4F0-56DA-7D3FB765405E}.Debug|Any CPU.ActiveCfg = Debug|Any CPU
		{77E13B63-A154-E4F0-56DA-7D3FB765405E}.Debug|Any CPU.Build.0 = Debug|Any CPU
		{77E13B63-A154-E4F0-56DA-7D3FB765405E}.Release|Any CPU.ActiveCfg = Release|Any CPU
		{77E13B63-A154-E4F0-56DA-7D3FB765405E}.Release|Any CPU.Build.0 = Release|Any CPU
		{1B173B0B-D208-E124-D626-07FFCCC66EA2}.Debug|Any CPU.ActiveCfg = Debug|Any CPU
		{1B173B0B-D208-E124-D626-07FFCCC66EA2}.Debug|Any CPU.Build.0 = Debug|Any CPU
		{1B173B0B-D208-E124-D626-07FFCCC66EA2}.Release|Any CPU.ActiveCfg = Release|Any CPU
		{1B173B0B-D208-E124-D626-07FFCCC66EA2}.Release|Any CPU.Build.0 = Release|Any CPU
		{00434B4A-9ACC-EA40-9091-0BED3FCB8A71}.Debug|Any CPU.ActiveCfg = Debug|Any CPU
		{00434B4A-9ACC-EA40-9091-0BED3FCB8A71}.Debug|Any CPU.Build.0 = Debug|Any CPU
		{00434B4A-9ACC-EA40-9091-0BED3FCB8A71}.Release|Any CPU.ActiveCfg = Release|Any CPU
		{00434B4A-9ACC-EA40-9091-0BED3FCB8A71}.Release|Any CPU.Build.0 = Release|Any CPU
	EndGlobalSection
	GlobalSection(SolutionProperties) = preSolution
		HideSolutionNode = FALSE
	EndGlobalSection
	GlobalSection(NestedProjects) = preSolution
		{BAA2724A-5F58-2AA2-0C8B-DF64CDE6594D} = {9792E6E2-564B-9699-7DA2-9F7194AE82F6}
		{77E13B63-A154-E4F0-56DA-7D3FB765405E} = {9792E6E2-564B-9699-7DA2-9F7194AE82F6}
		{1B173B0B-D208-E124-D626-07FFCCC66EA2} = {9792E6E2-564B-9699-7DA2-9F7194AE82F6}
		{00434B4A-9ACC-EA40-9091-0BED3FCB8A71} = {9792E6E2-564B-9699-7DA2-9F7194AE82F6}
	EndGlobalSection
	GlobalSection(ExtensibilityGlobals) = postSolution
		SolutionGuid = {25BAEDB5-5134-4934-9364-BEEDD831DBA2}
	EndGlobalSection
EndGlobal
