
Microsoft Visual Studio Solution File, Format Version 12.00
# Visual Studio Version 17
VisualStudioVersion = 17.14.36212.18 d17.14
MinimumVisualStudioVersion = 10.0.40219.1
Project("{FAE04EC0-301F-11D3-BF4B-00C04F79EFBC}") = "api", "api.csproj", "{7840AB70-DC44-421F-819F-DF29E43CEB20}"
EndProject
Global
	GlobalSection(SolutionConfigurationPlatforms) = preSolution
		Debug|Any CPU = Debug|Any CPU
		Release|Any CPU = Release|Any CPU
	EndGlobalSection
	GlobalSection(ProjectConfigurationPlatforms) = postSolution
		{7840AB70-DC44-421F-819F-DF29E43CEB20}.Debug|Any CPU.ActiveCfg = Debug|Any CPU
		{7840AB70-DC44-421F-819F-DF29E43CEB20}.Debug|Any CPU.Build.0 = Debug|Any CPU
		{7840AB70-DC44-421F-819F-DF29E43CEB20}.Release|Any CPU.ActiveCfg = Release|Any CPU
		{7840AB70-DC44-421F-819F-DF29E43CEB20}.Release|Any CPU.Build.0 = Release|Any CPU
	EndGlobalSection
	GlobalSection(SolutionProperties) = preSolution
		HideSolutionNode = FALSE
	EndGlobalSection
	GlobalSection(ExtensibilityGlobals) = postSolution
		SolutionGuid = {8FD54614-D506-4D11-9B67-73AB4A0FC2F0}
	EndGlobalSection
EndGlobal
