STORAGE: NONE
NUGET
  remote: https://api.nuget.org/v3/index.json
    Microsoft.AspNetCore.OpenApi (9.0.9)
      Microsoft.OpenApi (>= 1.6.17) - restriction: >= net9.0
    Microsoft.OpenApi (2.3.2) - restriction: >= net9.0
      System.Text.Json (>= 8.0.5) - restriction: >= netstandard2.0
    Microsoft.VisualStudio.Azure.Containers.Tools.Targets (1.22.1)
    System.Text.Json (9.0.9) - restriction: >= net9.0
